
Microsoft Visual Studio Solution File, Format Version 12.00
# Visual Studio Version 18
VisualStudioVersion = 18.8.11925.187
MinimumVisualStudioVersion = 10.0.40219.1
Project("{FAE04EC0-301F-11D3-BF4B-00C04F79EFBC}") = "ErpSystem.Api", "ErpSystem.Api\ErpSystem.Api.csproj", "{BC8B1302-4249-4109-8377-64753D2D0786}"
EndProject
Project("{FAE04EC0-301F-11D3-BF4B-00C04F79EFBC}") = "ErpSystem.Tests", "ErpSystem.Tests\ErpSystem.Tests.csproj", "{EA2D7FDD-8CD9-460D-AFD4-E881D2CA2944}"
EndProject
Project("{FAE04EC0-301F-11D3-BF4B-00C04F79EFBC}") = "ErpSystem.Modules.HR.Domain", "Modules\HR\ErpSystem.Modules.HR.Domain\ErpSystem.Modules.HR.Domain.csproj", "{7F308815-81E7-405C-894D-045E2C2B3672}"
EndProject
Project("{FAE04EC0-301F-11D3-BF4B-00C04F79EFBC}") = "ErpSystem.Modules.HR.Application", "Modules\HR\ErpSystem.Modules.HR.Application\ErpSystem.Modules.HR.Application.csproj", "{DC8BF328-9478-4860-A195-6A318E7845B1}"
EndProject
Project("{FAE04EC0-301F-11D3-BF4B-00C04F79EFBC}") = "ErpSystem.Modules.HR.Infrastructure", "Modules\HR\ErpSystem.Modules.HR.Infrastructure\ErpSystem.Modules.HR.Infrastructure.csproj", "{526900B3-E830-497F-A6E4-38EE6FDE57E7}"
EndProject
Project("{FAE04EC0-301F-11D3-BF4B-00C04F79EFBC}") = "ErpSystem.BuildingBlocks.Modularity", "BuildingBlocks\ErpSystem.BuildingBlocks.Modularity\ErpSystem.BuildingBlocks.Modularity.csproj", "{DFA7E240-9D1A-4B25-B19C-1F728A036F29}"
EndProject
Project("{FAE04EC0-301F-11D3-BF4B-00C04F79EFBC}") = "ErpSystem.Modules.Accounting.Contracts", "Modules\Accounting\ErpSystem.Modules.Accounting.Contracts\ErpSystem.Modules.Accounting.Contracts.csproj", "{CACDD845-F596-4A75-AF3B-C8E5546CE4BF}"
EndProject
Project("{FAE04EC0-301F-11D3-BF4B-00C04F79EFBC}") = "ErpSystem.Modules.Accounting.Domain", "Modules\Accounting\ErpSystem.Modules.Accounting.Domain\ErpSystem.Modules.Accounting.Domain.csproj", "{A1491209-E6B0-4F3E-8692-F43DE10CC0A3}"
EndProject
Project("{FAE04EC0-301F-11D3-BF4B-00C04F79EFBC}") = "ErpSystem.Modules.Accounting.Application", "Modules\Accounting\ErpSystem.Modules.Accounting.Application\ErpSystem.Modules.Accounting.Application.csproj", "{6FEA3DF5-BC2D-4CA9-9281-CC981B69CDE7}"
EndProject
Project("{FAE04EC0-301F-11D3-BF4B-00C04F79EFBC}") = "ErpSystem.Modules.Accounting.Infrastructure", "Modules\Accounting\ErpSystem.Modules.Accounting.Infrastructure\ErpSystem.Modules.Accounting.Infrastructure.csproj", "{8530E5BB-7BF9-461F-B4A2-DABFB9151EE6}"
EndProject
Project("{FAE04EC0-301F-11D3-BF4B-00C04F79EFBC}") = "ErpSystem.Modules.Accounting.Presentation", "Modules\Accounting\ErpSystem.Modules.Accounting.Presentation\ErpSystem.Modules.Accounting.Presentation.csproj", "{B704DE4D-6338-459A-B222-EA6A0AD84408}"
EndProject
Project("{FAE04EC0-301F-11D3-BF4B-00C04F79EFBC}") = "ErpSystem.Modules.Accounting", "Modules\Accounting\ErpSystem.Modules.Accounting\ErpSystem.Modules.Accounting.csproj", "{01C35B4F-FD6F-4ABB-ADDA-F0164BFE77A3}"
EndProject
Project("{2150E333-8FDC-42A3-9474-1A3956D46DE8}") = "BuildingBlocks", "BuildingBlocks", "{C6C9B459-530B-4434-BE03-98BB93489557}"
EndProject
Project("{2150E333-8FDC-42A3-9474-1A3956D46DE8}") = "Modules", "Modules", "{2F83DA78-B526-4259-81CD-C60FFD2C77FE}"
EndProject
Project("{2150E333-8FDC-42A3-9474-1A3956D46DE8}") = "Accounting", "Accounting", "{2A136E2C-C02E-4926-AD34-6FB2FF5417AC}"
EndProject
Project("{2150E333-8FDC-42A3-9474-1A3956D46DE8}") = "HR", "HR", "{3E8B4A2C-7F1D-4E6A-9C5B-2D4F6A8B0C1E}"
EndProject
Project("{FAE04EC0-301F-11D3-BF4B-00C04F79EFBC}") = "ErpSystem.Modules.HR.Contracts", "Modules\HR\ErpSystem.Modules.HR.Contracts\ErpSystem.Modules.HR.Contracts.csproj", "{161154D3-E413-4258-989A-AE30BA8AB039}"
EndProject
Project("{FAE04EC0-301F-11D3-BF4B-00C04F79EFBC}") = "ErpSystem.Modules.HR.Presentation", "Modules\HR\ErpSystem.Modules.HR.Presentation\ErpSystem.Modules.HR.Presentation.csproj", "{87E141F8-9C58-44A9-8C35-D6947FEB9B1C}"
EndProject
Project("{FAE04EC0-301F-11D3-BF4B-00C04F79EFBC}") = "ErpSystem.Modules.HR", "Modules\HR\ErpSystem.Modules.HR\ErpSystem.Modules.HR.csproj", "{73579676-38AF-456F-AF46-21F7403D6BAB}"
EndProject
Project("{FAE04EC0-301F-11D3-BF4B-00C04F79EFBC}") = "ErpSystem.BuildingBlocks.Context", "BuildingBlocks\ErpSystem.BuildingBlocks.Context\ErpSystem.BuildingBlocks.Context.csproj", "{20DE0F9D-0E5D-442D-829C-76C45F6A6C81}"
EndProject
Project("{FAE04EC0-301F-11D3-BF4B-00C04F79EFBC}") = "ErpSystem.BuildingBlocks.Messaging", "BuildingBlocks\ErpSystem.BuildingBlocks.Messaging\ErpSystem.BuildingBlocks.Messaging.csproj", "{9E5E6F9E-4713-4F77-AF36-F6743B615216}"
EndProject
Project("{2150E333-8FDC-42A3-9474-1A3956D46DE8}") = "Platform", "Platform", "{579E93CB-98A6-BAB3-57B4-82020C660FCE}"
EndProject
Project("{FAE04EC0-301F-11D3-BF4B-00C04F79EFBC}") = "ErpSystem.Modules.Platform.Contracts", "Modules\Platform\ErpSystem.Modules.Platform.Contracts\ErpSystem.Modules.Platform.Contracts.csproj", "{8D817015-230B-4345-9135-B2697BAEF838}"
EndProject
Project("{FAE04EC0-301F-11D3-BF4B-00C04F79EFBC}") = "ErpSystem.Modules.Platform.Domain", "Modules\Platform\ErpSystem.Modules.Platform.Domain\ErpSystem.Modules.Platform.Domain.csproj", "{39296B12-F0C7-493E-8585-1268D1FADD32}"
EndProject
Project("{FAE04EC0-301F-11D3-BF4B-00C04F79EFBC}") = "ErpSystem.Modules.Platform.Application", "Modules\Platform\ErpSystem.Modules.Platform.Application\ErpSystem.Modules.Platform.Application.csproj", "{A735B446-709A-44F6-B789-F8E31987916F}"
EndProject
Project("{FAE04EC0-301F-11D3-BF4B-00C04F79EFBC}") = "ErpSystem.Modules.Platform.Infrastructure", "Modules\Platform\ErpSystem.Modules.Platform.Infrastructure\ErpSystem.Modules.Platform.Infrastructure.csproj", "{66F38ED2-0699-439F-8FEA-26F0824F9F1D}"
EndProject
Project("{FAE04EC0-301F-11D3-BF4B-00C04F79EFBC}") = "ErpSystem.Modules.Platform.Presentation", "Modules\Platform\ErpSystem.Modules.Platform.Presentation\ErpSystem.Modules.Platform.Presentation.csproj", "{FD019DF6-0575-4758-BEF7-2364756E20AB}"
EndProject
Project("{FAE04EC0-301F-11D3-BF4B-00C04F79EFBC}") = "ErpSystem.Modules.Platform", "Modules\Platform\ErpSystem.Modules.Platform\ErpSystem.Modules.Platform.csproj", "{CF397C6A-2DD8-43DA-9116-DBA4807BDC74}"
EndProject
Project("{2150E333-8FDC-42A3-9474-1A3956D46DE8}") = "Contacts", "Contacts", "{290268FD-8B9D-C268-DBAD-2144F6912527}"
EndProject
Project("{FAE04EC0-301F-11D3-BF4B-00C04F79EFBC}") = "ErpSystem.Modules.Contacts.Contracts", "Modules\Contacts\ErpSystem.Modules.Contacts.Contracts\ErpSystem.Modules.Contacts.Contracts.csproj", "{8BE7B72A-6CF9-4FD0-98CB-62807B36EA5A}"
EndProject
Project("{FAE04EC0-301F-11D3-BF4B-00C04F79EFBC}") = "ErpSystem.Modules.Contacts.Domain", "Modules\Contacts\ErpSystem.Modules.Contacts.Domain\ErpSystem.Modules.Contacts.Domain.csproj", "{66AC0495-DFB9-4B46-8247-6C44A132B879}"
EndProject
Project("{FAE04EC0-301F-11D3-BF4B-00C04F79EFBC}") = "ErpSystem.Modules.Contacts.Application", "Modules\Contacts\ErpSystem.Modules.Contacts.Application\ErpSystem.Modules.Contacts.Application.csproj", "{E8C04CE6-8691-4284-B1D9-34A4A5452835}"
EndProject
Project("{FAE04EC0-301F-11D3-BF4B-00C04F79EFBC}") = "ErpSystem.Modules.Contacts.Infrastructure", "Modules\Contacts\ErpSystem.Modules.Contacts.Infrastructure\ErpSystem.Modules.Contacts.Infrastructure.csproj", "{8E4F7B9C-EE99-4007-94A9-5C502977CE41}"
EndProject
Project("{FAE04EC0-301F-11D3-BF4B-00C04F79EFBC}") = "ErpSystem.Modules.Contacts.Presentation", "Modules\Contacts\ErpSystem.Modules.Contacts.Presentation\ErpSystem.Modules.Contacts.Presentation.csproj", "{539E557B-BF3A-481B-AD3B-4CBC4317198F}"
EndProject
Project("{FAE04EC0-301F-11D3-BF4B-00C04F79EFBC}") = "ErpSystem.Modules.Contacts", "Modules\Contacts\ErpSystem.Modules.Contacts\ErpSystem.Modules.Contacts.csproj", "{EDDCCA54-E019-411B-981C-9B3831699A0D}"
EndProject
Project("{FAE04EC0-301F-11D3-BF4B-00C04F79EFBC}") = "ErpSystem.BuildingBlocks.Authorization", "BuildingBlocks\ErpSystem.BuildingBlocks.Authorization\ErpSystem.BuildingBlocks.Authorization.csproj", "{B9C80F05-3740-4E7F-B6C1-EA740139E54C}"
EndProject
Project("{FAE04EC0-301F-11D3-BF4B-00C04F79EFBC}") = "ErpSystem.BuildingBlocks.Application", "BuildingBlocks\ErpSystem.BuildingBlocks.Application\ErpSystem.BuildingBlocks.Application.csproj", "{73AD1107-997E-4EA3-B8D4-5C7AEC25A321}"
EndProject
Global
	GlobalSection(SolutionConfigurationPlatforms) = preSolution
		Debug|Any CPU = Debug|Any CPU
		Debug|x64 = Debug|x64
		Debug|x86 = Debug|x86
		Release|Any CPU = Release|Any CPU
		Release|x64 = Release|x64
		Release|x86 = Release|x86
	EndGlobalSection
	GlobalSection(ProjectConfigurationPlatforms) = postSolution
		{BC8B1302-4249-4109-8377-64753D2D0786}.Debug|Any CPU.ActiveCfg = Debug|Any CPU
		{BC8B1302-4249-4109-8377-64753D2D0786}.Debug|Any CPU.Build.0 = Debug|Any CPU
		{BC8B1302-4249-4109-8377-64753D2D0786}.Debug|x64.ActiveCfg = Debug|Any CPU
		{BC8B1302-4249-4109-8377-64753D2D0786}.Debug|x64.Build.0 = Debug|Any CPU
		{BC8B1302-4249-4109-8377-64753D2D0786}.Debug|x86.ActiveCfg = Debug|Any CPU
		{BC8B1302-4249-4109-8377-64753D2D0786}.Debug|x86.Build.0 = Debug|Any CPU
		{BC8B1302-4249-4109-8377-64753D2D0786}.Release|Any CPU.ActiveCfg = Release|Any CPU
		{BC8B1302-4249-4109-8377-64753D2D0786}.Release|Any CPU.Build.0 = Release|Any CPU
		{BC8B1302-4249-4109-8377-64753D2D0786}.Release|x64.ActiveCfg = Release|Any CPU
		{BC8B1302-4249-4109-8377-64753D2D0786}.Release|x64.Build.0 = Release|Any CPU
		{BC8B1302-4249-4109-8377-64753D2D0786}.Release|x86.ActiveCfg = Release|Any CPU
		{BC8B1302-4249-4109-8377-64753D2D0786}.Release|x86.Build.0 = Release|Any CPU
		{EA2D7FDD-8CD9-460D-AFD4-E881D2CA2944}.Debug|Any CPU.ActiveCfg = Debug|Any CPU
		{EA2D7FDD-8CD9-460D-AFD4-E881D2CA2944}.Debug|Any CPU.Build.0 = Debug|Any CPU
		{EA2D7FDD-8CD9-460D-AFD4-E881D2CA2944}.Debug|x64.ActiveCfg = Debug|Any CPU
		{EA2D7FDD-8CD9-460D-AFD4-E881D2CA2944}.Debug|x64.Build.0 = Debug|Any CPU
		{EA2D7FDD-8CD9-460D-AFD4-E881D2CA2944}.Debug|x86.ActiveCfg = Debug|Any CPU
		{EA2D7FDD-8CD9-460D-AFD4-E881D2CA2944}.Debug|x86.Build.0 = Debug|Any CPU
		{EA2D7FDD-8CD9-460D-AFD4-E881D2CA2944}.Release|Any CPU.ActiveCfg = Release|Any CPU
		{EA2D7FDD-8CD9-460D-AFD4-E881D2CA2944}.Release|Any CPU.Build.0 = Release|Any CPU
		{EA2D7FDD-8CD9-460D-AFD4-E881D2CA2944}.Release|x64.ActiveCfg = Release|Any CPU
		{EA2D7FDD-8CD9-460D-AFD4-E881D2CA2944}.Release|x64.Build.0 = Release|Any CPU
		{EA2D7FDD-8CD9-460D-AFD4-E881D2CA2944}.Release|x86.ActiveCfg = Release|Any CPU
		{EA2D7FDD-8CD9-460D-AFD4-E881D2CA2944}.Release|x86.Build.0 = Release|Any CPU
		{7F308815-81E7-405C-894D-045E2C2B3672}.Debug|Any CPU.ActiveCfg = Debug|Any CPU
		{7F308815-81E7-405C-894D-045E2C2B3672}.Debug|Any CPU.Build.0 = Debug|Any CPU
		{7F308815-81E7-405C-894D-045E2C2B3672}.Debug|x64.ActiveCfg = Debug|Any CPU
		{7F308815-81E7-405C-894D-045E2C2B3672}.Debug|x64.Build.0 = Debug|Any CPU
		{7F308815-81E7-405C-894D-045E2C2B3672}.Debug|x86.ActiveCfg = Debug|Any CPU
		{7F308815-81E7-405C-894D-045E2C2B3672}.Debug|x86.Build.0 = Debug|Any CPU
		{7F308815-81E7-405C-894D-045E2C2B3672}.Release|Any CPU.ActiveCfg = Release|Any CPU
		{7F308815-81E7-405C-894D-045E2C2B3672}.Release|Any CPU.Build.0 = Release|Any CPU
		{7F308815-81E7-405C-894D-045E2C2B3672}.Release|x64.ActiveCfg = Release|Any CPU
		{7F308815-81E7-405C-894D-045E2C2B3672}.Release|x64.Build.0 = Release|Any CPU
		{7F308815-81E7-405C-894D-045E2C2B3672}.Release|x86.ActiveCfg = Release|Any CPU
		{7F308815-81E7-405C-894D-045E2C2B3672}.Release|x86.Build.0 = Release|Any CPU
		{DC8BF328-9478-4860-A195-6A318E7845B1}.Debug|Any CPU.ActiveCfg = Debug|Any CPU
		{DC8BF328-9478-4860-A195-6A318E7845B1}.Debug|Any CPU.Build.0 = Debug|Any CPU
		{DC8BF328-9478-4860-A195-6A318E7845B1}.Debug|x64.ActiveCfg = Debug|Any CPU
		{DC8BF328-9478-4860-A195-6A318E7845B1}.Debug|x64.Build.0 = Debug|Any CPU
		{DC8BF328-9478-4860-A195-6A318E7845B1}.Debug|x86.ActiveCfg = Debug|Any CPU
		{DC8BF328-9478-4860-A195-6A318E7845B1}.Debug|x86.Build.0 = Debug|Any CPU
		{DC8BF328-9478-4860-A195-6A318E7845B1}.Release|Any CPU.ActiveCfg = Release|Any CPU
		{DC8BF328-9478-4860-A195-6A318E7845B1}.Release|Any CPU.Build.0 = Release|Any CPU
		{DC8BF328-9478-4860-A195-6A318E7845B1}.Release|x64.ActiveCfg = Release|Any CPU
		{DC8BF328-9478-4860-A195-6A318E7845B1}.Release|x64.Build.0 = Release|Any CPU
		{DC8BF328-9478-4860-A195-6A318E7845B1}.Release|x86.ActiveCfg = Release|Any CPU
		{DC8BF328-9478-4860-A195-6A318E7845B1}.Release|x86.Build.0 = Release|Any CPU
		{526900B3-E830-497F-A6E4-38EE6FDE57E7}.Debug|Any CPU.ActiveCfg = Debug|Any CPU
		{526900B3-E830-497F-A6E4-38EE6FDE57E7}.Debug|Any CPU.Build.0 = Debug|Any CPU
		{526900B3-E830-497F-A6E4-38EE6FDE57E7}.Debug|x64.ActiveCfg = Debug|Any CPU
		{526900B3-E830-497F-A6E4-38EE6FDE57E7}.Debug|x64.Build.0 = Debug|Any CPU
		{526900B3-E830-497F-A6E4-38EE6FDE57E7}.Debug|x86.ActiveCfg = Debug|Any CPU
		{526900B3-E830-497F-A6E4-38EE6FDE57E7}.Debug|x86.Build.0 = Debug|Any CPU
		{526900B3-E830-497F-A6E4-38EE6FDE57E7}.Release|Any CPU.ActiveCfg = Release|Any CPU
		{526900B3-E830-497F-A6E4-38EE6FDE57E7}.Release|Any CPU.Build.0 = Release|Any CPU
		{526900B3-E830-497F-A6E4-38EE6FDE57E7}.Release|x64.ActiveCfg = Release|Any CPU
		{526900B3-E830-497F-A6E4-38EE6FDE57E7}.Release|x64.Build.0 = Release|Any CPU
		{526900B3-E830-497F-A6E4-38EE6FDE57E7}.Release|x86.ActiveCfg = Release|Any CPU
		{526900B3-E830-497F-A6E4-38EE6FDE57E7}.Release|x86.Build.0 = Release|Any CPU
		{DFA7E240-9D1A-4B25-B19C-1F728A036F29}.Debug|Any CPU.ActiveCfg = Debug|Any CPU
		{DFA7E240-9D1A-4B25-B19C-1F728A036F29}.Debug|Any CPU.Build.0 = Debug|Any CPU
		{DFA7E240-9D1A-4B25-B19C-1F728A036F29}.Debug|x64.ActiveCfg = Debug|Any CPU
		{DFA7E240-9D1A-4B25-B19C-1F728A036F29}.Debug|x64.Build.0 = Debug|Any CPU
		{DFA7E240-9D1A-4B25-B19C-1F728A036F29}.Debug|x86.ActiveCfg = Debug|Any CPU
		{DFA7E240-9D1A-4B25-B19C-1F728A036F29}.Debug|x86.Build.0 = Debug|Any CPU
		{DFA7E240-9D1A-4B25-B19C-1F728A036F29}.Release|Any CPU.ActiveCfg = Release|Any CPU
		{DFA7E240-9D1A-4B25-B19C-1F728A036F29}.Release|Any CPU.Build.0 = Release|Any CPU
		{DFA7E240-9D1A-4B25-B19C-1F728A036F29}.Release|x64.ActiveCfg = Release|Any CPU
		{DFA7E240-9D1A-4B25-B19C-1F728A036F29}.Release|x64.Build.0 = Release|Any CPU
		{DFA7E240-9D1A-4B25-B19C-1F728A036F29}.Release|x86.ActiveCfg = Release|Any CPU
		{DFA7E240-9D1A-4B25-B19C-1F728A036F29}.Release|x86.Build.0 = Release|Any CPU
		{CACDD845-F596-4A75-AF3B-C8E5546CE4BF}.Debug|Any CPU.ActiveCfg = Debug|Any CPU
		{CACDD845-F596-4A75-AF3B-C8E5546CE4BF}.Debug|Any CPU.Build.0 = Debug|Any CPU
		{CACDD845-F596-4A75-AF3B-C8E5546CE4BF}.Debug|x64.ActiveCfg = Debug|Any CPU
		{CACDD845-F596-4A75-AF3B-C8E5546CE4BF}.Debug|x64.Build.0 = Debug|Any CPU
		{CACDD845-F596-4A75-AF3B-C8E5546CE4BF}.Debug|x86.ActiveCfg = Debug|Any CPU
		{CACDD845-F596-4A75-AF3B-C8E5546CE4BF}.Debug|x86.Build.0 = Debug|Any CPU
		{CACDD845-F596-4A75-AF3B-C8E5546CE4BF}.Release|Any CPU.ActiveCfg = Release|Any CPU
		{CACDD845-F596-4A75-AF3B-C8E5546CE4BF}.Release|Any CPU.Build.0 = Release|Any CPU
		{CACDD845-F596-4A75-AF3B-C8E5546CE4BF}.Release|x64.ActiveCfg = Release|Any CPU
		{CACDD845-F596-4A75-AF3B-C8E5546CE4BF}.Release|x64.Build.0 = Release|Any CPU
		{CACDD845-F596-4A75-AF3B-C8E5546CE4BF}.Release|x86.ActiveCfg = Release|Any CPU
		{CACDD845-F596-4A75-AF3B-C8E5546CE4BF}.Release|x86.Build.0 = Release|Any CPU
		{A1491209-E6B0-4F3E-8692-F43DE10CC0A3}.Debug|Any CPU.ActiveCfg = Debug|Any CPU
		{A1491209-E6B0-4F3E-8692-F43DE10CC0A3}.Debug|Any CPU.Build.0 = Debug|Any CPU
		{A1491209-E6B0-4F3E-8692-F43DE10CC0A3}.Debug|x64.ActiveCfg = Debug|Any CPU
		{A1491209-E6B0-4F3E-8692-F43DE10CC0A3}.Debug|x64.Build.0 = Debug|Any CPU
		{A1491209-E6B0-4F3E-8692-F43DE10CC0A3}.Debug|x86.ActiveCfg = Debug|Any CPU
		{A1491209-E6B0-4F3E-8692-F43DE10CC0A3}.Debug|x86.Build.0 = Debug|Any CPU
		{A1491209-E6B0-4F3E-8692-F43DE10CC0A3}.Release|Any CPU.ActiveCfg = Release|Any CPU
		{A1491209-E6B0-4F3E-8692-F43DE10CC0A3}.Release|Any CPU.Build.0 = Release|Any CPU
		{A1491209-E6B0-4F3E-8692-F43DE10CC0A3}.Release|x64.ActiveCfg = Release|Any CPU
		{A1491209-E6B0-4F3E-8692-F43DE10CC0A3}.Release|x64.Build.0 = Release|Any CPU
		{A1491209-E6B0-4F3E-8692-F43DE10CC0A3}.Release|x86.ActiveCfg = Release|Any CPU
		{A1491209-E6B0-4F3E-8692-F43DE10CC0A3}.Release|x86.Build.0 = Release|Any CPU
		{6FEA3DF5-BC2D-4CA9-9281-CC981B69CDE7}.Debug|Any CPU.ActiveCfg = Debug|Any CPU
		{6FEA3DF5-BC2D-4CA9-9281-CC981B69CDE7}.Debug|Any CPU.Build.0 = Debug|Any CPU
		{6FEA3DF5-BC2D-4CA9-9281-CC981B69CDE7}.Debug|x64.ActiveCfg = Debug|Any CPU
		{6FEA3DF5-BC2D-4CA9-9281-CC981B69CDE7}.Debug|x64.Build.0 = Debug|Any CPU
		{6FEA3DF5-BC2D-4CA9-9281-CC981B69CDE7}.Debug|x86.ActiveCfg = Debug|Any CPU
		{6FEA3DF5-BC2D-4CA9-9281-CC981B69CDE7}.Debug|x86.Build.0 = Debug|Any CPU
		{6FEA3DF5-BC2D-4CA9-9281-CC981B69CDE7}.Release|Any CPU.ActiveCfg = Release|Any CPU
		{6FEA3DF5-BC2D-4CA9-9281-CC981B69CDE7}.Release|Any CPU.Build.0 = Release|Any CPU
		{6FEA3DF5-BC2D-4CA9-9281-CC981B69CDE7}.Release|x64.ActiveCfg = Release|Any CPU
		{6FEA3DF5-BC2D-4CA9-9281-CC981B69CDE7}.Release|x64.Build.0 = Release|Any CPU
		{6FEA3DF5-BC2D-4CA9-9281-CC981B69CDE7}.Release|x86.ActiveCfg = Release|Any CPU
		{6FEA3DF5-BC2D-4CA9-9281-CC981B69CDE7}.Release|x86.Build.0 = Release|Any CPU
		{8530E5BB-7BF9-461F-B4A2-DABFB9151EE6}.Debug|Any CPU.ActiveCfg = Debug|Any CPU
		{8530E5BB-7BF9-461F-B4A2-DABFB9151EE6}.Debug|Any CPU.Build.0 = Debug|Any CPU
		{8530E5BB-7BF9-461F-B4A2-DABFB9151EE6}.Debug|x64.ActiveCfg = Debug|Any CPU
		{8530E5BB-7BF9-461F-B4A2-DABFB9151EE6}.Debug|x64.Build.0 = Debug|Any CPU
		{8530E5BB-7BF9-461F-B4A2-DABFB9151EE6}.Debug|x86.ActiveCfg = Debug|Any CPU
		{8530E5BB-7BF9-461F-B4A2-DABFB9151EE6}.Debug|x86.Build.0 = Debug|Any CPU
		{8530E5BB-7BF9-461F-B4A2-DABFB9151EE6}.Release|Any CPU.ActiveCfg = Release|Any CPU
		{8530E5BB-7BF9-461F-B4A2-DABFB9151EE6}.Release|Any CPU.Build.0 = Release|Any CPU
		{8530E5BB-7BF9-461F-B4A2-DABFB9151EE6}.Release|x64.ActiveCfg = Release|Any CPU
		{8530E5BB-7BF9-461F-B4A2-DABFB9151EE6}.Release|x64.Build.0 = Release|Any CPU
		{8530E5BB-7BF9-461F-B4A2-DABFB9151EE6}.Release|x86.ActiveCfg = Release|Any CPU
		{8530E5BB-7BF9-461F-B4A2-DABFB9151EE6}.Release|x86.Build.0 = Release|Any CPU
		{B704DE4D-6338-459A-B222-EA6A0AD84408}.Debug|Any CPU.ActiveCfg = Debug|Any CPU
		{B704DE4D-6338-459A-B222-EA6A0AD84408}.Debug|Any CPU.Build.0 = Debug|Any CPU
		{B704DE4D-6338-459A-B222-EA6A0AD84408}.Debug|x64.ActiveCfg = Debug|Any CPU
		{B704DE4D-6338-459A-B222-EA6A0AD84408}.Debug|x64.Build.0 = Debug|Any CPU
		{B704DE4D-6338-459A-B222-EA6A0AD84408}.Debug|x86.ActiveCfg = Debug|Any CPU
		{B704DE4D-6338-459A-B222-EA6A0AD84408}.Debug|x86.Build.0 = Debug|Any CPU
		{B704DE4D-6338-459A-B222-EA6A0AD84408}.Release|Any CPU.ActiveCfg = Release|Any CPU
		{B704DE4D-6338-459A-B222-EA6A0AD84408}.Release|Any CPU.Build.0 = Release|Any CPU
		{B704DE4D-6338-459A-B222-EA6A0AD84408}.Release|x64.ActiveCfg = Release|Any CPU
		{B704DE4D-6338-459A-B222-EA6A0AD84408}.Release|x64.Build.0 = Release|Any CPU
		{B704DE4D-6338-459A-B222-EA6A0AD84408}.Release|x86.ActiveCfg = Release|Any CPU
		{B704DE4D-6338-459A-B222-EA6A0AD84408}.Release|x86.Build.0 = Release|Any CPU
		{01C35B4F-FD6F-4ABB-ADDA-F0164BFE77A3}.Debug|Any CPU.ActiveCfg = Debug|Any CPU
		{01C35B4F-FD6F-4ABB-ADDA-F0164BFE77A3}.Debug|Any CPU.Build.0 = Debug|Any CPU
		{01C35B4F-FD6F-4ABB-ADDA-F0164BFE77A3}.Debug|x64.ActiveCfg = Debug|Any CPU
		{01C35B4F-FD6F-4ABB-ADDA-F0164BFE77A3}.Debug|x64.Build.0 = Debug|Any CPU
		{01C35B4F-FD6F-4ABB-ADDA-F0164BFE77A3}.Debug|x86.ActiveCfg = Debug|Any CPU
		{01C35B4F-FD6F-4ABB-ADDA-F0164BFE77A3}.Debug|x86.Build.0 = Debug|Any CPU
		{01C35B4F-FD6F-4ABB-ADDA-F0164BFE77A3}.Release|Any CPU.ActiveCfg = Release|Any CPU
		{01C35B4F-FD6F-4ABB-ADDA-F0164BFE77A3}.Release|Any CPU.Build.0 = Release|Any CPU
		{01C35B4F-FD6F-4ABB-ADDA-F0164BFE77A3}.Release|x64.ActiveCfg = Release|Any CPU
		{01C35B4F-FD6F-4ABB-ADDA-F0164BFE77A3}.Release|x64.Build.0 = Release|Any CPU
		{01C35B4F-FD6F-4ABB-ADDA-F0164BFE77A3}.Release|x86.ActiveCfg = Release|Any CPU
		{01C35B4F-FD6F-4ABB-ADDA-F0164BFE77A3}.Release|x86.Build.0 = Release|Any CPU
		{161154D3-E413-4258-989A-AE30BA8AB039}.Debug|Any CPU.ActiveCfg = Debug|Any CPU
		{161154D3-E413-4258-989A-AE30BA8AB039}.Debug|Any CPU.Build.0 = Debug|Any CPU
		{161154D3-E413-4258-989A-AE30BA8AB039}.Debug|x64.ActiveCfg = Debug|Any CPU
		{161154D3-E413-4258-989A-AE30BA8AB039}.Debug|x64.Build.0 = Debug|Any CPU
		{161154D3-E413-4258-989A-AE30BA8AB039}.Debug|x86.ActiveCfg = Debug|Any CPU
		{161154D3-E413-4258-989A-AE30BA8AB039}.Debug|x86.Build.0 = Debug|Any CPU
		{161154D3-E413-4258-989A-AE30BA8AB039}.Release|Any CPU.ActiveCfg = Release|Any CPU
		{161154D3-E413-4258-989A-AE30BA8AB039}.Release|Any CPU.Build.0 = Release|Any CPU
		{161154D3-E413-4258-989A-AE30BA8AB039}.Release|x64.ActiveCfg = Release|Any CPU
		{161154D3-E413-4258-989A-AE30BA8AB039}.Release|x64.Build.0 = Release|Any CPU
		{161154D3-E413-4258-989A-AE30BA8AB039}.Release|x86.ActiveCfg = Release|Any CPU
		{161154D3-E413-4258-989A-AE30BA8AB039}.Release|x86.Build.0 = Release|Any CPU
		{87E141F8-9C58-44A9-8C35-D6947FEB9B1C}.Debug|Any CPU.ActiveCfg = Debug|Any CPU
		{87E141F8-9C58-44A9-8C35-D6947FEB9B1C}.Debug|Any CPU.Build.0 = Debug|Any CPU
		{87E141F8-9C58-44A9-8C35-D6947FEB9B1C}.Debug|x64.ActiveCfg = Debug|Any CPU
		{87E141F8-9C58-44A9-8C35-D6947FEB9B1C}.Debug|x64.Build.0 = Debug|Any CPU
		{87E141F8-9C58-44A9-8C35-D6947FEB9B1C}.Debug|x86.ActiveCfg = Debug|Any CPU
		{87E141F8-9C58-44A9-8C35-D6947FEB9B1C}.Debug|x86.Build.0 = Debug|Any CPU
		{87E141F8-9C58-44A9-8C35-D6947FEB9B1C}.Release|Any CPU.ActiveCfg = Release|Any CPU
		{87E141F8-9C58-44A9-8C35-D6947FEB9B1C}.Release|Any CPU.Build.0 = Release|Any CPU
		{87E141F8-9C58-44A9-8C35-D6947FEB9B1C}.Release|x64.ActiveCfg = Release|Any CPU
		{87E141F8-9C58-44A9-8C35-D6947FEB9B1C}.Release|x64.Build.0 = Release|Any CPU
		{87E141F8-9C58-44A9-8C35-D6947FEB9B1C}.Release|x86.ActiveCfg = Release|Any CPU
		{87E141F8-9C58-44A9-8C35-D6947FEB9B1C}.Release|x86.Build.0 = Release|Any CPU
		{73579676-38AF-456F-AF46-21F7403D6BAB}.Debug|Any CPU.ActiveCfg = Debug|Any CPU
		{73579676-38AF-456F-AF46-21F7403D6BAB}.Debug|Any CPU.Build.0 = Debug|Any CPU
		{73579676-38AF-456F-AF46-21F7403D6BAB}.Debug|x64.ActiveCfg = Debug|Any CPU
		{73579676-38AF-456F-AF46-21F7403D6BAB}.Debug|x64.Build.0 = Debug|Any CPU
		{73579676-38AF-456F-AF46-21F7403D6BAB}.Debug|x86.ActiveCfg = Debug|Any CPU
		{73579676-38AF-456F-AF46-21F7403D6BAB}.Debug|x86.Build.0 = Debug|Any CPU
		{73579676-38AF-456F-AF46-21F7403D6BAB}.Release|Any CPU.ActiveCfg = Release|Any CPU
		{73579676-38AF-456F-AF46-21F7403D6BAB}.Release|Any CPU.Build.0 = Release|Any CPU
		{73579676-38AF-456F-AF46-21F7403D6BAB}.Release|x64.ActiveCfg = Release|Any CPU
		{73579676-38AF-456F-AF46-21F7403D6BAB}.Release|x64.Build.0 = Release|Any CPU
		{73579676-38AF-456F-AF46-21F7403D6BAB}.Release|x86.ActiveCfg = Release|Any CPU
		{73579676-38AF-456F-AF46-21F7403D6BAB}.Release|x86.Build.0 = Release|Any CPU
		{20DE0F9D-0E5D-442D-829C-76C45F6A6C81}.Debug|Any CPU.ActiveCfg = Debug|Any CPU
		{20DE0F9D-0E5D-442D-829C-76C45F6A6C81}.Debug|Any CPU.Build.0 = Debug|Any CPU
		{20DE0F9D-0E5D-442D-829C-76C45F6A6C81}.Debug|x64.ActiveCfg = Debug|Any CPU
		{20DE0F9D-0E5D-442D-829C-76C45F6A6C81}.Debug|x64.Build.0 = Debug|Any CPU
		{20DE0F9D-0E5D-442D-829C-76C45F6A6C81}.Debug|x86.ActiveCfg = Debug|Any CPU
		{20DE0F9D-0E5D-442D-829C-76C45F6A6C81}.Debug|x86.Build.0 = Debug|Any CPU
		{20DE0F9D-0E5D-442D-829C-76C45F6A6C81}.Release|Any CPU.ActiveCfg = Release|Any CPU
		{20DE0F9D-0E5D-442D-829C-76C45F6A6C81}.Release|Any CPU.Build.0 = Release|Any CPU
		{20DE0F9D-0E5D-442D-829C-76C45F6A6C81}.Release|x64.ActiveCfg = Release|Any CPU
		{20DE0F9D-0E5D-442D-829C-76C45F6A6C81}.Release|x64.Build.0 = Release|Any CPU
		{20DE0F9D-0E5D-442D-829C-76C45F6A6C81}.Release|x86.ActiveCfg = Release|Any CPU
		{20DE0F9D-0E5D-442D-829C-76C45F6A6C81}.Release|x86.Build.0 = Release|Any CPU
		{9E5E6F9E-4713-4F77-AF36-F6743B615216}.Debug|Any CPU.ActiveCfg = Debug|Any CPU
		{9E5E6F9E-4713-4F77-AF36-F6743B615216}.Debug|Any CPU.Build.0 = Debug|Any CPU
		{9E5E6F9E-4713-4F77-AF36-F6743B615216}.Debug|x64.ActiveCfg = Debug|Any CPU
		{9E5E6F9E-4713-4F77-AF36-F6743B615216}.Debug|x64.Build.0 = Debug|Any CPU
		{9E5E6F9E-4713-4F77-AF36-F6743B615216}.Debug|x86.ActiveCfg = Debug|Any CPU
		{9E5E6F9E-4713-4F77-AF36-F6743B615216}.Debug|x86.Build.0 = Debug|Any CPU
		{9E5E6F9E-4713-4F77-AF36-F6743B615216}.Release|Any CPU.ActiveCfg = Release|Any CPU
		{9E5E6F9E-4713-4F77-AF36-F6743B615216}.Release|Any CPU.Build.0 = Release|Any CPU
		{9E5E6F9E-4713-4F77-AF36-F6743B615216}.Release|x64.ActiveCfg = Release|Any CPU
		{9E5E6F9E-4713-4F77-AF36-F6743B615216}.Release|x64.Build.0 = Release|Any CPU
		{9E5E6F9E-4713-4F77-AF36-F6743B615216}.Release|x86.ActiveCfg = Release|Any CPU
		{9E5E6F9E-4713-4F77-AF36-F6743B615216}.Release|x86.Build.0 = Release|Any CPU
		{8D817015-230B-4345-9135-B2697BAEF838}.Debug|Any CPU.ActiveCfg = Debug|Any CPU
		{8D817015-230B-4345-9135-B2697BAEF838}.Debug|Any CPU.Build.0 = Debug|Any CPU
		{8D817015-230B-4345-9135-B2697BAEF838}.Debug|x64.ActiveCfg = Debug|Any CPU
		{8D817015-230B-4345-9135-B2697BAEF838}.Debug|x64.Build.0 = Debug|Any CPU
		{8D817015-230B-4345-9135-B2697BAEF838}.Debug|x86.ActiveCfg = Debug|Any CPU
		{8D817015-230B-4345-9135-B2697BAEF838}.Debug|x86.Build.0 = Debug|Any CPU
		{8D817015-230B-4345-9135-B2697BAEF838}.Release|Any CPU.ActiveCfg = Release|Any CPU
		{8D817015-230B-4345-9135-B2697BAEF838}.Release|Any CPU.Build.0 = Release|Any CPU
		{8D817015-230B-4345-9135-B2697BAEF838}.Release|x64.ActiveCfg = Release|Any CPU
		{8D817015-230B-4345-9135-B2697BAEF838}.Release|x64.Build.0 = Release|Any CPU
		{8D817015-230B-4345-9135-B2697BAEF838}.Release|x86.ActiveCfg = Release|Any CPU
		{8D817015-230B-4345-9135-B2697BAEF838}.Release|x86.Build.0 = Release|Any CPU
		{39296B12-F0C7-493E-8585-1268D1FADD32}.Debug|Any CPU.ActiveCfg = Debug|Any CPU
		{39296B12-F0C7-493E-8585-1268D1FADD32}.Debug|Any CPU.Build.0 = Debug|Any CPU
		{39296B12-F0C7-493E-8585-1268D1FADD32}.Debug|x64.ActiveCfg = Debug|Any CPU
		{39296B12-F0C7-493E-8585-1268D1FADD32}.Debug|x64.Build.0 = Debug|Any CPU
		{39296B12-F0C7-493E-8585-1268D1FADD32}.Debug|x86.ActiveCfg = Debug|Any CPU
		{39296B12-F0C7-493E-8585-1268D1FADD32}.Debug|x86.Build.0 = Debug|Any CPU
		{39296B12-F0C7-493E-8585-1268D1FADD32}.Release|Any CPU.ActiveCfg = Release|Any CPU
		{39296B12-F0C7-493E-8585-1268D1FADD32}.Release|Any CPU.Build.0 = Release|Any CPU
		{39296B12-F0C7-493E-8585-1268D1FADD32}.Release|x64.ActiveCfg = Release|Any CPU
		{39296B12-F0C7-493E-8585-1268D1FADD32}.Release|x64.Build.0 = Release|Any CPU
		{39296B12-F0C7-493E-8585-1268D1FADD32}.Release|x86.ActiveCfg = Release|Any CPU
		{39296B12-F0C7-493E-8585-1268D1FADD32}.Release|x86.Build.0 = Release|Any CPU
		{A735B446-709A-44F6-B789-F8E31987916F}.Debug|Any CPU.ActiveCfg = Debug|Any CPU
		{A735B446-709A-44F6-B789-F8E31987916F}.Debug|Any CPU.Build.0 = Debug|Any CPU
		{A735B446-709A-44F6-B789-F8E31987916F}.Debug|x64.ActiveCfg = Debug|Any CPU
		{A735B446-709A-44F6-B789-F8E31987916F}.Debug|x64.Build.0 = Debug|Any CPU
		{A735B446-709A-44F6-B789-F8E31987916F}.Debug|x86.ActiveCfg = Debug|Any CPU
		{A735B446-709A-44F6-B789-F8E31987916F}.Debug|x86.Build.0 = Debug|Any CPU
		{A735B446-709A-44F6-B789-F8E31987916F}.Release|Any CPU.ActiveCfg = Release|Any CPU
		{A735B446-709A-44F6-B789-F8E31987916F}.Release|Any CPU.Build.0 = Release|Any CPU
		{A735B446-709A-44F6-B789-F8E31987916F}.Release|x64.ActiveCfg = Release|Any CPU
		{A735B446-709A-44F6-B789-F8E31987916F}.Release|x64.Build.0 = Release|Any CPU
		{A735B446-709A-44F6-B789-F8E31987916F}.Release|x86.ActiveCfg = Release|Any CPU
		{A735B446-709A-44F6-B789-F8E31987916F}.Release|x86.Build.0 = Release|Any CPU
		{66F38ED2-0699-439F-8FEA-26F0824F9F1D}.Debug|Any CPU.ActiveCfg = Debug|Any CPU
		{66F38ED2-0699-439F-8FEA-26F0824F9F1D}.Debug|Any CPU.Build.0 = Debug|Any CPU
		{66F38ED2-0699-439F-8FEA-26F0824F9F1D}.Debug|x64.ActiveCfg = Debug|Any CPU
		{66F38ED2-0699-439F-8FEA-26F0824F9F1D}.Debug|x64.Build.0 = Debug|Any CPU
		{66F38ED2-0699-439F-8FEA-26F0824F9F1D}.Debug|x86.ActiveCfg = Debug|Any CPU
		{66F38ED2-0699-439F-8FEA-26F0824F9F1D}.Debug|x86.Build.0 = Debug|Any CPU
		{66F38ED2-0699-439F-8FEA-26F0824F9F1D}.Release|Any CPU.ActiveCfg = Release|Any CPU
		{66F38ED2-0699-439F-8FEA-26F0824F9F1D}.Release|Any CPU.Build.0 = Release|Any CPU
		{66F38ED2-0699-439F-8FEA-26F0824F9F1D}.Release|x64.ActiveCfg = Release|Any CPU
		{66F38ED2-0699-439F-8FEA-26F0824F9F1D}.Release|x64.Build.0 = Release|Any CPU
		{66F38ED2-0699-439F-8FEA-26F0824F9F1D}.Release|x86.ActiveCfg = Release|Any CPU
		{66F38ED2-0699-439F-8FEA-26F0824F9F1D}.Release|x86.Build.0 = Release|Any CPU
		{FD019DF6-0575-4758-BEF7-2364756E20AB}.Debug|Any CPU.ActiveCfg = Debug|Any CPU
		{FD019DF6-0575-4758-BEF7-2364756E20AB}.Debug|Any CPU.Build.0 = Debug|Any CPU
		{FD019DF6-0575-4758-BEF7-2364756E20AB}.Debug|x64.ActiveCfg = Debug|Any CPU
		{FD019DF6-0575-4758-BEF7-2364756E20AB}.Debug|x64.Build.0 = Debug|Any CPU
		{FD019DF6-0575-4758-BEF7-2364756E20AB}.Debug|x86.ActiveCfg = Debug|Any CPU
		{FD019DF6-0575-4758-BEF7-2364756E20AB}.Debug|x86.Build.0 = Debug|Any CPU
		{FD019DF6-0575-4758-BEF7-2364756E20AB}.Release|Any CPU.ActiveCfg = Release|Any CPU
		{FD019DF6-0575-4758-BEF7-2364756E20AB}.Release|Any CPU.Build.0 = Release|Any CPU
		{FD019DF6-0575-4758-BEF7-2364756E20AB}.Release|x64.ActiveCfg = Release|Any CPU
		{FD019DF6-0575-4758-BEF7-2364756E20AB}.Release|x64.Build.0 = Release|Any CPU
		{FD019DF6-0575-4758-BEF7-2364756E20AB}.Release|x86.ActiveCfg = Release|Any CPU
		{FD019DF6-0575-4758-BEF7-2364756E20AB}.Release|x86.Build.0 = Release|Any CPU
		{CF397C6A-2DD8-43DA-9116-DBA4807BDC74}.Debug|Any CPU.ActiveCfg = Debug|Any CPU
		{CF397C6A-2DD8-43DA-9116-DBA4807BDC74}.Debug|Any CPU.Build.0 = Debug|Any CPU
		{CF397C6A-2DD8-43DA-9116-DBA4807BDC74}.Debug|x64.ActiveCfg = Debug|Any CPU
		{CF397C6A-2DD8-43DA-9116-DBA4807BDC74}.Debug|x64.Build.0 = Debug|Any CPU
		{CF397C6A-2DD8-43DA-9116-DBA4807BDC74}.Debug|x86.ActiveCfg = Debug|Any CPU
		{CF397C6A-2DD8-43DA-9116-DBA4807BDC74}.Debug|x86.Build.0 = Debug|Any CPU
		{CF397C6A-2DD8-43DA-9116-DBA4807BDC74}.Release|Any CPU.ActiveCfg = Release|Any CPU
		{CF397C6A-2DD8-43DA-9116-DBA4807BDC74}.Release|Any CPU.Build.0 = Release|Any CPU
		{CF397C6A-2DD8-43DA-9116-DBA4807BDC74}.Release|x64.ActiveCfg = Release|Any CPU
		{CF397C6A-2DD8-43DA-9116-DBA4807BDC74}.Release|x64.Build.0 = Release|Any CPU
		{CF397C6A-2DD8-43DA-9116-DBA4807BDC74}.Release|x86.ActiveCfg = Release|Any CPU
		{CF397C6A-2DD8-43DA-9116-DBA4807BDC74}.Release|x86.Build.0 = Release|Any CPU
		{8BE7B72A-6CF9-4FD0-98CB-62807B36EA5A}.Debug|Any CPU.ActiveCfg = Debug|Any CPU
		{8BE7B72A-6CF9-4FD0-98CB-62807B36EA5A}.Debug|Any CPU.Build.0 = Debug|Any CPU
		{8BE7B72A-6CF9-4FD0-98CB-62807B36EA5A}.Debug|x64.ActiveCfg = Debug|Any CPU
		{8BE7B72A-6CF9-4FD0-98CB-62807B36EA5A}.Debug|x64.Build.0 = Debug|Any CPU
		{8BE7B72A-6CF9-4FD0-98CB-62807B36EA5A}.Debug|x86.ActiveCfg = Debug|Any CPU
		{8BE7B72A-6CF9-4FD0-98CB-62807B36EA5A}.Debug|x86.Build.0 = Debug|Any CPU
		{8BE7B72A-6CF9-4FD0-98CB-62807B36EA5A}.Release|Any CPU.ActiveCfg = Release|Any CPU
		{8BE7B72A-6CF9-4FD0-98CB-62807B36EA5A}.Release|Any CPU.Build.0 = Release|Any CPU
		{8BE7B72A-6CF9-4FD0-98CB-62807B36EA5A}.Release|x64.ActiveCfg = Release|Any CPU
		{8BE7B72A-6CF9-4FD0-98CB-62807B36EA5A}.Release|x64.Build.0 = Release|Any CPU
		{8BE7B72A-6CF9-4FD0-98CB-62807B36EA5A}.Release|x86.ActiveCfg = Release|Any CPU
		{8BE7B72A-6CF9-4FD0-98CB-62807B36EA5A}.Release|x86.Build.0 = Release|Any CPU
		{66AC0495-DFB9-4B46-8247-6C44A132B879}.Debug|Any CPU.ActiveCfg = Debug|Any CPU
		{66AC0495-DFB9-4B46-8247-6C44A132B879}.Debug|Any CPU.Build.0 = Debug|Any CPU
		{66AC0495-DFB9-4B46-8247-6C44A132B879}.Debug|x64.ActiveCfg = Debug|Any CPU
		{66AC0495-DFB9-4B46-8247-6C44A132B879}.Debug|x64.Build.0 = Debug|Any CPU
		{66AC0495-DFB9-4B46-8247-6C44A132B879}.Debug|x86.ActiveCfg = Debug|Any CPU
		{66AC0495-DFB9-4B46-8247-6C44A132B879}.Debug|x86.Build.0 = Debug|Any CPU
		{66AC0495-DFB9-4B46-8247-6C44A132B879}.Release|Any CPU.ActiveCfg = Release|Any CPU
		{66AC0495-DFB9-4B46-8247-6C44A132B879}.Release|Any CPU.Build.0 = Release|Any CPU
		{66AC0495-DFB9-4B46-8247-6C44A132B879}.Release|x64.ActiveCfg = Release|Any CPU
		{66AC0495-DFB9-4B46-8247-6C44A132B879}.Release|x64.Build.0 = Release|Any CPU
		{66AC0495-DFB9-4B46-8247-6C44A132B879}.Release|x86.ActiveCfg = Release|Any CPU
		{66AC0495-DFB9-4B46-8247-6C44A132B879}.Release|x86.Build.0 = Release|Any CPU
		{E8C04CE6-8691-4284-B1D9-34A4A5452835}.Debug|Any CPU.ActiveCfg = Debug|Any CPU
		{E8C04CE6-8691-4284-B1D9-34A4A5452835}.Debug|Any CPU.Build.0 = Debug|Any CPU
		{E8C04CE6-8691-4284-B1D9-34A4A5452835}.Debug|x64.ActiveCfg = Debug|Any CPU
		{E8C04CE6-8691-4284-B1D9-34A4A5452835}.Debug|x64.Build.0 = Debug|Any CPU
		{E8C04CE6-8691-4284-B1D9-34A4A5452835}.Debug|x86.ActiveCfg = Debug|Any CPU
		{E8C04CE6-8691-4284-B1D9-34A4A5452835}.Debug|x86.Build.0 = Debug|Any CPU
		{E8C04CE6-8691-4284-B1D9-34A4A5452835}.Release|Any CPU.ActiveCfg = Release|Any CPU
		{E8C04CE6-8691-4284-B1D9-34A4A5452835}.Release|Any CPU.Build.0 = Release|Any CPU
		{E8C04CE6-8691-4284-B1D9-34A4A5452835}.Release|x64.ActiveCfg = Release|Any CPU
		{E8C04CE6-8691-4284-B1D9-34A4A5452835}.Release|x64.Build.0 = Release|Any CPU
		{E8C04CE6-8691-4284-B1D9-34A4A5452835}.Release|x86.ActiveCfg = Release|Any CPU
		{E8C04CE6-8691-4284-B1D9-34A4A5452835}.Release|x86.Build.0 = Release|Any CPU
		{8E4F7B9C-EE99-4007-94A9-5C502977CE41}.Debug|Any CPU.ActiveCfg = Debug|Any CPU
		{8E4F7B9C-EE99-4007-94A9-5C502977CE41}.Debug|Any CPU.Build.0 = Debug|Any CPU
		{8E4F7B9C-EE99-4007-94A9-5C502977CE41}.Debug|x64.ActiveCfg = Debug|Any CPU
		{8E4F7B9C-EE99-4007-94A9-5C502977CE41}.Debug|x64.Build.0 = Debug|Any CPU
		{8E4F7B9C-EE99-4007-94A9-5C502977CE41}.Debug|x86.ActiveCfg = Debug|Any CPU
		{8E4F7B9C-EE99-4007-94A9-5C502977CE41}.Debug|x86.Build.0 = Debug|Any CPU
		{8E4F7B9C-EE99-4007-94A9-5C502977CE41}.Release|Any CPU.ActiveCfg = Release|Any CPU
		{8E4F7B9C-EE99-4007-94A9-5C502977CE41}.Release|Any CPU.Build.0 = Release|Any CPU
		{8E4F7B9C-EE99-4007-94A9-5C502977CE41}.Release|x64.ActiveCfg = Release|Any CPU
		{8E4F7B9C-EE99-4007-94A9-5C502977CE41}.Release|x64.Build.0 = Release|Any CPU
		{8E4F7B9C-EE99-4007-94A9-5C502977CE41}.Release|x86.ActiveCfg = Release|Any CPU
		{8E4F7B9C-EE99-4007-94A9-5C502977CE41}.Release|x86.Build.0 = Release|Any CPU
		{539E557B-BF3A-481B-AD3B-4CBC4317198F}.Debug|Any CPU.ActiveCfg = Debug|Any CPU
		{539E557B-BF3A-481B-AD3B-4CBC4317198F}.Debug|Any CPU.Build.0 = Debug|Any CPU
		{539E557B-BF3A-481B-AD3B-4CBC4317198F}.Debug|x64.ActiveCfg = Debug|Any CPU
		{539E557B-BF3A-481B-AD3B-4CBC4317198F}.Debug|x64.Build.0 = Debug|Any CPU
		{539E557B-BF3A-481B-AD3B-4CBC4317198F}.Debug|x86.ActiveCfg = Debug|Any CPU
		{539E557B-BF3A-481B-AD3B-4CBC4317198F}.Debug|x86.Build.0 = Debug|Any CPU
		{539E557B-BF3A-481B-AD3B-4CBC4317198F}.Release|Any CPU.ActiveCfg = Release|Any CPU
		{539E557B-BF3A-481B-AD3B-4CBC4317198F}.Release|Any CPU.Build.0 = Release|Any CPU
		{539E557B-BF3A-481B-AD3B-4CBC4317198F}.Release|x64.ActiveCfg = Release|Any CPU
		{539E557B-BF3A-481B-AD3B-4CBC4317198F}.Release|x64.Build.0 = Release|Any CPU
		{539E557B-BF3A-481B-AD3B-4CBC4317198F}.Release|x86.ActiveCfg = Release|Any CPU
		{539E557B-BF3A-481B-AD3B-4CBC4317198F}.Release|x86.Build.0 = Release|Any CPU
		{EDDCCA54-E019-411B-981C-9B3831699A0D}.Debug|Any CPU.ActiveCfg = Debug|Any CPU
		{EDDCCA54-E019-411B-981C-9B3831699A0D}.Debug|Any CPU.Build.0 = Debug|Any CPU
		{EDDCCA54-E019-411B-981C-9B3831699A0D}.Debug|x64.ActiveCfg = Debug|Any CPU
		{EDDCCA54-E019-411B-981C-9B3831699A0D}.Debug|x64.Build.0 = Debug|Any CPU
		{EDDCCA54-E019-411B-981C-9B3831699A0D}.Debug|x86.ActiveCfg = Debug|Any CPU
		{EDDCCA54-E019-411B-981C-9B3831699A0D}.Debug|x86.Build.0 = Debug|Any CPU
		{EDDCCA54-E019-411B-981C-9B3831699A0D}.Release|Any CPU.ActiveCfg = Release|Any CPU
		{EDDCCA54-E019-411B-981C-9B3831699A0D}.Release|Any CPU.Build.0 = Release|Any CPU
		{EDDCCA54-E019-411B-981C-9B3831699A0D}.Release|x64.ActiveCfg = Release|Any CPU
		{EDDCCA54-E019-411B-981C-9B3831699A0D}.Release|x64.Build.0 = Release|Any CPU
		{EDDCCA54-E019-411B-981C-9B3831699A0D}.Release|x86.ActiveCfg = Release|Any CPU
		{EDDCCA54-E019-411B-981C-9B3831699A0D}.Release|x86.Build.0 = Release|Any CPU
		{B9C80F05-3740-4E7F-B6C1-EA740139E54C}.Debug|Any CPU.ActiveCfg = Debug|Any CPU
		{B9C80F05-3740-4E7F-B6C1-EA740139E54C}.Debug|Any CPU.Build.0 = Debug|Any CPU
		{B9C80F05-3740-4E7F-B6C1-EA740139E54C}.Debug|x64.ActiveCfg = Debug|Any CPU
		{B9C80F05-3740-4E7F-B6C1-EA740139E54C}.Debug|x64.Build.0 = Debug|Any CPU
		{B9C80F05-3740-4E7F-B6C1-EA740139E54C}.Debug|x86.ActiveCfg = Debug|Any CPU
		{B9C80F05-3740-4E7F-B6C1-EA740139E54C}.Debug|x86.Build.0 = Debug|Any CPU
		{B9C80F05-3740-4E7F-B6C1-EA740139E54C}.Release|Any CPU.ActiveCfg = Release|Any CPU
		{B9C80F05-3740-4E7F-B6C1-EA740139E54C}.Release|Any CPU.Build.0 = Release|Any CPU
		{B9C80F05-3740-4E7F-B6C1-EA740139E54C}.Release|x64.ActiveCfg = Release|Any CPU
		{B9C80F05-3740-4E7F-B6C1-EA740139E54C}.Release|x64.Build.0 = Release|Any CPU
		{B9C80F05-3740-4E7F-B6C1-EA740139E54C}.Release|x86.ActiveCfg = Release|Any CPU
		{B9C80F05-3740-4E7F-B6C1-EA740139E54C}.Release|x86.Build.0 = Release|Any CPU
		{73AD1107-997E-4EA3-B8D4-5C7AEC25A321}.Debug|Any CPU.ActiveCfg = Debug|Any CPU
		{73AD1107-997E-4EA3-B8D4-5C7AEC25A321}.Debug|Any CPU.Build.0 = Debug|Any CPU
		{73AD1107-997E-4EA3-B8D4-5C7AEC25A321}.Debug|x64.ActiveCfg = Debug|Any CPU
		{73AD1107-997E-4EA3-B8D4-5C7AEC25A321}.Debug|x64.Build.0 = Debug|Any CPU
		{73AD1107-997E-4EA3-B8D4-5C7AEC25A321}.Debug|x86.ActiveCfg = Debug|Any CPU
		{73AD1107-997E-4EA3-B8D4-5C7AEC25A321}.Debug|x86.Build.0 = Debug|Any CPU
		{73AD1107-997E-4EA3-B8D4-5C7AEC25A321}.Release|Any CPU.ActiveCfg = Release|Any CPU
		{73AD1107-997E-4EA3-B8D4-5C7AEC25A321}.Release|Any CPU.Build.0 = Release|Any CPU
		{73AD1107-997E-4EA3-B8D4-5C7AEC25A321}.Release|x64.ActiveCfg = Release|Any CPU
		{73AD1107-997E-4EA3-B8D4-5C7AEC25A321}.Release|x64.Build.0 = Release|Any CPU
		{73AD1107-997E-4EA3-B8D4-5C7AEC25A321}.Release|x86.ActiveCfg = Release|Any CPU
		{73AD1107-997E-4EA3-B8D4-5C7AEC25A321}.Release|x86.Build.0 = Release|Any CPU
	EndGlobalSection
	GlobalSection(SolutionProperties) = preSolution
		HideSolutionNode = FALSE
	EndGlobalSection
	GlobalSection(NestedProjects) = preSolution
		{7F308815-81E7-405C-894D-045E2C2B3672} = {3E8B4A2C-7F1D-4E6A-9C5B-2D4F6A8B0C1E}
		{DC8BF328-9478-4860-A195-6A318E7845B1} = {3E8B4A2C-7F1D-4E6A-9C5B-2D4F6A8B0C1E}
		{526900B3-E830-497F-A6E4-38EE6FDE57E7} = {3E8B4A2C-7F1D-4E6A-9C5B-2D4F6A8B0C1E}
		{DFA7E240-9D1A-4B25-B19C-1F728A036F29} = {C6C9B459-530B-4434-BE03-98BB93489557}
		{CACDD845-F596-4A75-AF3B-C8E5546CE4BF} = {2A136E2C-C02E-4926-AD34-6FB2FF5417AC}
		{A1491209-E6B0-4F3E-8692-F43DE10CC0A3} = {2A136E2C-C02E-4926-AD34-6FB2FF5417AC}
		{6FEA3DF5-BC2D-4CA9-9281-CC981B69CDE7} = {2A136E2C-C02E-4926-AD34-6FB2FF5417AC}
		{8530E5BB-7BF9-461F-B4A2-DABFB9151EE6} = {2A136E2C-C02E-4926-AD34-6FB2FF5417AC}
		{B704DE4D-6338-459A-B222-EA6A0AD84408} = {2A136E2C-C02E-4926-AD34-6FB2FF5417AC}
		{01C35B4F-FD6F-4ABB-ADDA-F0164BFE77A3} = {2A136E2C-C02E-4926-AD34-6FB2FF5417AC}
		{2A136E2C-C02E-4926-AD34-6FB2FF5417AC} = {2F83DA78-B526-4259-81CD-C60FFD2C77FE}
		{3E8B4A2C-7F1D-4E6A-9C5B-2D4F6A8B0C1E} = {2F83DA78-B526-4259-81CD-C60FFD2C77FE}
		{161154D3-E413-4258-989A-AE30BA8AB039} = {3E8B4A2C-7F1D-4E6A-9C5B-2D4F6A8B0C1E}
		{87E141F8-9C58-44A9-8C35-D6947FEB9B1C} = {3E8B4A2C-7F1D-4E6A-9C5B-2D4F6A8B0C1E}
		{73579676-38AF-456F-AF46-21F7403D6BAB} = {3E8B4A2C-7F1D-4E6A-9C5B-2D4F6A8B0C1E}
		{20DE0F9D-0E5D-442D-829C-76C45F6A6C81} = {C6C9B459-530B-4434-BE03-98BB93489557}
		{9E5E6F9E-4713-4F77-AF36-F6743B615216} = {C6C9B459-530B-4434-BE03-98BB93489557}
		{579E93CB-98A6-BAB3-57B4-82020C660FCE} = {2F83DA78-B526-4259-81CD-C60FFD2C77FE}
		{8D817015-230B-4345-9135-B2697BAEF838} = {579E93CB-98A6-BAB3-57B4-82020C660FCE}
		{39296B12-F0C7-493E-8585-1268D1FADD32} = {579E93CB-98A6-BAB3-57B4-82020C660FCE}
		{A735B446-709A-44F6-B789-F8E31987916F} = {579E93CB-98A6-BAB3-57B4-82020C660FCE}
		{66F38ED2-0699-439F-8FEA-26F0824F9F1D} = {579E93CB-98A6-BAB3-57B4-82020C660FCE}
		{FD019DF6-0575-4758-BEF7-2364756E20AB} = {579E93CB-98A6-BAB3-57B4-82020C660FCE}
		{CF397C6A-2DD8-43DA-9116-DBA4807BDC74} = {579E93CB-98A6-BAB3-57B4-82020C660FCE}
		{290268FD-8B9D-C268-DBAD-2144F6912527} = {2F83DA78-B526-4259-81CD-C60FFD2C77FE}
		{8BE7B72A-6CF9-4FD0-98CB-62807B36EA5A} = {290268FD-8B9D-C268-DBAD-2144F6912527}
		{66AC0495-DFB9-4B46-8247-6C44A132B879} = {290268FD-8B9D-C268-DBAD-2144F6912527}
		{E8C04CE6-8691-4284-B1D9-34A4A5452835} = {290268FD-8B9D-C268-DBAD-2144F6912527}
		{8E4F7B9C-EE99-4007-94A9-5C502977CE41} = {290268FD-8B9D-C268-DBAD-2144F6912527}
		{539E557B-BF3A-481B-AD3B-4CBC4317198F} = {290268FD-8B9D-C268-DBAD-2144F6912527}
		{EDDCCA54-E019-411B-981C-9B3831699A0D} = {290268FD-8B9D-C268-DBAD-2144F6912527}
		{B9C80F05-3740-4E7F-B6C1-EA740139E54C} = {C6C9B459-530B-4434-BE03-98BB93489557}
		{73AD1107-997E-4EA3-B8D4-5C7AEC25A321} = {C6C9B459-530B-4434-BE03-98BB93489557}
	EndGlobalSection
	GlobalSection(ExtensibilityGlobals) = postSolution
		SolutionGuid = {5D07BE34-57CC-437B-BB7C-E2ED624BFCB7}
	EndGlobalSection
EndGlobal
