
Microsoft Visual Studio Solution File, Format Version 12.00
# Visual Studio Version 18
VisualStudioVersion = 18.8.11925.187
MinimumVisualStudioVersion = 10.0.40219.1
Project("{FAE04EC0-301F-11D3-BF4B-00C04F79EFBC}") = "HrManagementSystem", "HrManagementSystem\HrManagementSystem.csproj", "{BC8B1302-4249-4109-8377-64753D2D0786}"
EndProject
Project("{FAE04EC0-301F-11D3-BF4B-00C04F79EFBC}") = "HrManagementSystem.Tests", "HrManagementSystem.Tests\HrManagementSystem.Tests.csproj", "{EA2D7FDD-8CD9-460D-AFD4-E881D2CA2944}"
EndProject
Global
	GlobalSection(SolutionConfigurationPlatforms) = preSolution
		Debug|Any CPU = Debug|Any CPU
		Debug|x64 = Debug|x64
		Debug|x86 = Debug|x86
		Release|Any CPU = Release|Any CPU
		Release|x64 = Release|x64
		Release|x86 = Release|x86
	EndGlobalSection
	GlobalSection(ProjectConfigurationPlatforms) = postSolution
		{BC8B1302-4249-4109-8377-64753D2D0786}.Debug|Any CPU.ActiveCfg = Debug|Any CPU
		{BC8B1302-4249-4109-8377-64753D2D0786}.Debug|Any CPU.Build.0 = Debug|Any CPU
		{BC8B1302-4249-4109-8377-64753D2D0786}.Debug|x64.ActiveCfg = Debug|Any CPU
		{BC8B1302-4249-4109-8377-64753D2D0786}.Debug|x64.Build.0 = Debug|Any CPU
		{BC8B1302-4249-4109-8377-64753D2D0786}.Debug|x86.ActiveCfg = Debug|Any CPU
		{BC8B1302-4249-4109-8377-64753D2D0786}.Debug|x86.Build.0 = Debug|Any CPU
		{BC8B1302-4249-4109-8377-64753D2D0786}.Release|Any CPU.ActiveCfg = Release|Any CPU
		{BC8B1302-4249-4109-8377-64753D2D0786}.Release|Any CPU.Build.0 = Release|Any CPU
		{BC8B1302-4249-4109-8377-64753D2D0786}.Release|x64.ActiveCfg = Release|Any CPU
		{BC8B1302-4249-4109-8377-64753D2D0786}.Release|x64.Build.0 = Release|Any CPU
		{BC8B1302-4249-4109-8377-64753D2D0786}.Release|x86.ActiveCfg = Release|Any CPU
		{BC8B1302-4249-4109-8377-64753D2D0786}.Release|x86.Build.0 = Release|Any CPU
		{EA2D7FDD-8CD9-460D-AFD4-E881D2CA2944}.Debug|Any CPU.ActiveCfg = Debug|Any CPU
		{EA2D7FDD-8CD9-460D-AFD4-E881D2CA2944}.Debug|Any CPU.Build.0 = Debug|Any CPU
		{EA2D7FDD-8CD9-460D-AFD4-E881D2CA2944}.Debug|x64.ActiveCfg = Debug|Any CPU
		{EA2D7FDD-8CD9-460D-AFD4-E881D2CA2944}.Debug|x64.Build.0 = Debug|Any CPU
		{EA2D7FDD-8CD9-460D-AFD4-E881D2CA2944}.Debug|x86.ActiveCfg = Debug|Any CPU
		{EA2D7FDD-8CD9-460D-AFD4-E881D2CA2944}.Debug|x86.Build.0 = Debug|Any CPU
		{EA2D7FDD-8CD9-460D-AFD4-E881D2CA2944}.Release|Any CPU.ActiveCfg = Release|Any CPU
		{EA2D7FDD-8CD9-460D-AFD4-E881D2CA2944}.Release|Any CPU.Build.0 = Release|Any CPU
		{EA2D7FDD-8CD9-460D-AFD4-E881D2CA2944}.Release|x64.ActiveCfg = Release|Any CPU
		{EA2D7FDD-8CD9-460D-AFD4-E881D2CA2944}.Release|x64.Build.0 = Release|Any CPU
		{EA2D7FDD-8CD9-460D-AFD4-E881D2CA2944}.Release|x86.ActiveCfg = Release|Any CPU
		{EA2D7FDD-8CD9-460D-AFD4-E881D2CA2944}.Release|x86.Build.0 = Release|Any CPU
	EndGlobalSection
	GlobalSection(SolutionProperties) = preSolution
		HideSolutionNode = FALSE
	EndGlobalSection
	GlobalSection(ExtensibilityGlobals) = postSolution
		SolutionGuid = {5D07BE34-57CC-437B-BB7C-E2ED624BFCB7}
	EndGlobalSection
EndGlobal
